
Microsoft Visual Studio Solution File, Format Version 12.00
# Visual Studio Version 17
VisualStudioVersion = 17.3.32929.385
MinimumVisualStudioVersion = 10.0.40219.1
Project("{FAE04EC0-301F-11D3-BF4B-00C04F79EFBC}") = "CourseWebApp", "CourseWebApp\CourseWebApp.csproj", "{05D10AE3-069C-4D30-A6F1-F2CA599E58DD}"
EndProject
Global
	GlobalSection(SolutionConfigurationPlatforms) = preSolution
		Debug|Any CPU = Debug|Any CPU
		Release|Any CPU = Release|Any CPU
	EndGlobalSection
	GlobalSection(ProjectConfigurationPlatforms) = postSolution
		{05D10AE3-069C-4D30-A6F1-F2CA599E58DD}.Debug|Any CPU.ActiveCfg = Debug|Any CPU
		{05D10AE3-069C-4D30-A6F1-F2CA599E58DD}.Debug|Any CPU.Build.0 = Debug|Any CPU
		{05D10AE3-069C-4D30-A6F1-F2CA599E58DD}.Release|Any CPU.ActiveCfg = Release|Any CPU
		{05D10AE3-069C-4D30-A6F1-F2CA599E58DD}.Release|Any CPU.Build.0 = Release|Any CPU
	EndGlobalSection
	GlobalSection(SolutionProperties) = preSolution
		HideSolutionNode = FALSE
	EndGlobalSection
	GlobalSection(ExtensibilityGlobals) = postSolution
		SolutionGuid = {56ACC9FF-944E-46D7-9D94-6A1D318FE6B8}
	EndGlobalSection
EndGlobal
